
Microsoft Visual Studio Solution File, Format Version 12.00
# Visual Studio Version 16
VisualStudioVersion = 16.0.29926.136
MinimumVisualStudioVersion = 10.0.40219.1
Project("{FAE04EC0-301F-11D3-BF4B-00C04F79EFBC}") = "Bannerlord_ImprovedGranary", "Bannerlord_ImprovedGranary.csproj", "{2777F032-E693-476B-9F31-72E331B01998}"
EndProject
Global
	GlobalSection(SolutionConfigurationPlatforms) = preSolution
		Debug|Any CPU = Debug|Any CPU
		Debug|x64 = Debug|x64
		Release|Any CPU = Release|Any CPU
		Release|x64 = Release|x64
	EndGlobalSection
	GlobalSection(ProjectConfigurationPlatforms) = postSolution
		{2777F032-E693-476B-9F31-72E331B01998}.Debug|Any CPU.ActiveCfg = Debug|Any CPU
		{2777F032-E693-476B-9F31-72E331B01998}.Debug|Any CPU.Build.0 = Debug|Any CPU
		{2777F032-E693-476B-9F31-72E331B01998}.Debug|x64.ActiveCfg = Debug|x64
		{2777F032-E693-476B-9F31-72E331B01998}.Debug|x64.Build.0 = Debug|x64
		{2777F032-E693-476B-9F31-72E331B01998}.Release|Any CPU.ActiveCfg = Release|Any CPU
		{2777F032-E693-476B-9F31-72E331B01998}.Release|Any CPU.Build.0 = Release|Any CPU
		{2777F032-E693-476B-9F31-72E331B01998}.Release|x64.ActiveCfg = Release|x64
		{2777F032-E693-476B-9F31-72E331B01998}.Release|x64.Build.0 = Release|x64
	EndGlobalSection
	GlobalSection(SolutionProperties) = preSolution
		HideSolutionNode = FALSE
	EndGlobalSection
	GlobalSection(ExtensibilityGlobals) = postSolution
		SolutionGuid = {8A605628-5B5B-4E68-9F1D-FFC2A5F3A66C}
	EndGlobalSection
EndGlobal
